speakeasyVersion: 1.653.0
sources:
    Knowledge Portal Manager APIs:
        sourceNamespace: knowledge-portal-manager-ap-is
        sourceRevisionDigest: sha256:41126c7bdaf8aac3f2a542db1caec83e103be613bef1eca125c3400c87fa58c1
        sourceBlobDigest: sha256:b54758d7aa5802852f8f21f13f5902bde86186c09e2aed468528a009b361ae9d
        tags:
            - latest
            - 4.0.0
targets:
    egain:
        source: Knowledge Portal Manager APIs
        sourceNamespace: knowledge-portal-manager-ap-is
        sourceRevisionDigest: sha256:41126c7bdaf8aac3f2a542db1caec83e103be613bef1eca125c3400c87fa58c1
        sourceBlobDigest: sha256:b54758d7aa5802852f8f21f13f5902bde86186c09e2aed468528a009b361ae9d
        codeSamplesNamespace: knowledge-portal-manager-ap-is-java-code-samples
        codeSamplesRevisionDigest: sha256:cbd1d907d7ca258ef8417bc284a8bd6479e885eef69f00bbfa9d3d3ed4c56b56
workflow:
    workflowVersion: 1.0.0
    speakeasyVersion: latest
    sources:
        Knowledge Portal Manager APIs:
            inputs:
                - location: ../speakeasy/aiservices/v4/api-with-overlay.yaml
                - location: ../speakeasy/contentmgr/v4/api-with-overlay.yaml
                - location: ../speakeasy/portalmgr/v4/api-with-overlay.yaml
            output: .speakeasy/out.openapi.yaml
            registry:
                location: registry.speakeasyapi.dev/egain-corporation/portalmgr/knowledge-portal-manager-ap-is
    targets:
        egain:
            target: java
            source: Knowledge Portal Manager APIs
            publish:
                java:
                    ossrhUsername: $ossrh_username
                    ossrhPassword: $ossrh_password
                    gpgSecretKey: $java_gpg_secret_key
                    gpgPassPhrase: $java_gpg_passphrase
            codeSamples:
                registry:
                    location: registry.speakeasyapi.dev/egain-corporation/portalmgr/knowledge-portal-manager-ap-is-java-code-samples
                labelOverride:
                    fixedValue: Java (SDK)
                blocking: false
