speakeasyVersion: 1.653.0
sources:
    Knowledge Portal Manager APIs:
        sourceNamespace: knowledge-portal-manager-ap-is
        sourceRevisionDigest: sha256:020c806355b434d168c8b47f0611d796678cf754a83421bb19284c69c320dfdb
        sourceBlobDigest: sha256:ed542d53f94549301f255ac512bc48c4c272be91e8c47f234af60b3d6ae3ef07
        tags:
            - latest
            - 4.0.0
targets:
    egain:
        source: Knowledge Portal Manager APIs
        sourceNamespace: knowledge-portal-manager-ap-is
        sourceRevisionDigest: sha256:020c806355b434d168c8b47f0611d796678cf754a83421bb19284c69c320dfdb
        sourceBlobDigest: sha256:ed542d53f94549301f255ac512bc48c4c272be91e8c47f234af60b3d6ae3ef07
        codeSamplesNamespace: knowledge-portal-manager-ap-is-java-code-samples
        codeSamplesRevisionDigest: sha256:71cf76fd7a28d65bce7db6c20da6a42dadab215ddc2bc550c66862525613074c
workflow:
    workflowVersion: 1.0.0
    speakeasyVersion: latest
    sources:
        Knowledge Portal Manager APIs:
            inputs:
                - location: ../speakeasy/aiservices/v4/api-with-overlay.yaml
                - location: ../speakeasy/contentmgr/v4/api-with-overlay.yaml
                - location: ../speakeasy/portalmgr/v4/api-with-overlay.yaml
            output: .speakeasy/out.openapi.yaml
            registry:
                location: registry.speakeasyapi.dev/egain-corporation/portalmgr/knowledge-portal-manager-ap-is
    targets:
        egain:
            target: java
            source: Knowledge Portal Manager APIs
            publish:
                java:
                    ossrhUsername: $ossrh_username
                    ossrhPassword: $ossrh_password
                    gpgSecretKey: $java_gpg_secret_key
                    gpgPassPhrase: $java_gpg_passphrase
            codeSamples:
                registry:
                    location: registry.speakeasyapi.dev/egain-corporation/portalmgr/knowledge-portal-manager-ap-is-java-code-samples
                labelOverride:
                    fixedValue: Java (SDK)
                blocking: false
